// !$*UTF8*$!
{
	archiveVersion = 1;
	classes = {
	};
	objectVersion = 50;
	objects = {

/* Begin PBXBuildFile section */
		3AA07C41228F85DE0074A7B5 /* Color.swift in Sources */ = {isa = PBXBuildFile; fileRef = 3AA07C40228F85DE0074A7B5 /* Color.swift */; };
		3ABBE47C2294A7AD003C99D7 /* UIView+Extension.swift in Sources */ = {isa = PBXBuildFile; fileRef = 3ABBE47B2294A7AD003C99D7 /* UIView+Extension.swift */; };
		3ABBE47F2294AF12003C99D7 /* SplashScreenViewController.swift in Sources */ = {isa = PBXBuildFile; fileRef = 3ABBE47E2294AF12003C99D7 /* SplashScreenViewController.swift */; };
		4A2950EF229189FA00D16424 /* Video.swift in Sources */ = {isa = PBXBuildFile; fileRef = 4A2950EE229189FA00D16424 /* Video.swift */; };
		4A2950F1229192AF00D16424 /* icons8-play-button-100.png in Resources */ = {isa = PBXBuildFile; fileRef = 4A2950F0229192AE00D16424 /* icons8-play-button-100.png */; };
		4A2950F32291B16300D16424 /* ReviewTableViewCell.swift in Sources */ = {isa = PBXBuildFile; fileRef = 4A2950F22291B16300D16424 /* ReviewTableViewCell.swift */; };
		4A2950F52291B28B00D16424 /* Review.swift in Sources */ = {isa = PBXBuildFile; fileRef = 4A2950F42291B28B00D16424 /* Review.swift */; };
		4A2950F72291D33900D16424 /* FavouriteVCDelegate.swift in Sources */ = {isa = PBXBuildFile; fileRef = 4A2950F62291D33900D16424 /* FavouriteVCDelegate.swift */; };
		4A2950FB2291D76700D16424 /* FavouriteCollectionViewCell.swift in Sources */ = {isa = PBXBuildFile; fileRef = 4A2950FA2291D76700D16424 /* FavouriteCollectionViewCell.swift */; };
		4A368C2B229854EF00CA912F /* poster-placeholder.jpg in Resources */ = {isa = PBXBuildFile; fileRef = 4A368C2A229854EF00CA912F /* poster-placeholder.jpg */; };
		4A4D8CDC228C891D006D1A6E /* tangled.jpg in Resources */ = {isa = PBXBuildFile; fileRef = 4A4D8CDB228C891C006D1A6E /* tangled.jpg */; };
		4AB2BB862295CDF6008CFA9E /* popcorn.png in Resources */ = {isa = PBXBuildFile; fileRef = 4AB2BB852295CDF6008CFA9E /* popcorn.png */; };
		4AB2BB882295CF38008CFA9E /* singlePopcorn.jpeg in Resources */ = {isa = PBXBuildFile; fileRef = 4AB2BB872295CF38008CFA9E /* singlePopcorn.jpeg */; };
		4AD7EECE2289E6AB00B36B04 /* NetworkConnection.swift in Sources */ = {isa = PBXBuildFile; fileRef = 4AD7EECD2289E6AB00B36B04 /* NetworkConnection.swift */; };
		4AE99DA0228DC1EA00FAA3D1 /* MovieDetailsPresenter.swift in Sources */ = {isa = PBXBuildFile; fileRef = 4AE99D9F228DC1EA00FAA3D1 /* MovieDetailsPresenter.swift */; };
		4AE99DA2228DC20400FAA3D1 /* MovieDetailsDelegate.swift in Sources */ = {isa = PBXBuildFile; fileRef = 4AE99DA1228DC20400FAA3D1 /* MovieDetailsDelegate.swift */; };
		4AE99DA4228DC27800FAA3D1 /* MovieDetailsViewControllerDelegate.swift in Sources */ = {isa = PBXBuildFile; fileRef = 4AE99DA3228DC27800FAA3D1 /* MovieDetailsViewControllerDelegate.swift */; };
		4AE99DA6228DC7C200FAA3D1 /* TrailerTableViewCell.swift in Sources */ = {isa = PBXBuildFile; fileRef = 4AE99DA5228DC7C200FAA3D1 /* TrailerTableViewCell.swift */; };
		8BE34FA2F45F6EF8D910F596 /* Pods_MovieBucket.framework in Frameworks */ = {isa = PBXBuildFile; fileRef = 606DA53958A088C0A0E2AE00 /* Pods_MovieBucket.framework */; };
		BA3F1BBB228F4F07003782E6 /* FavouritePresenter.swift in Sources */ = {isa = PBXBuildFile; fileRef = BA3F1BBA228F4F07003782E6 /* FavouritePresenter.swift */; };
		BA3F1BBD228F4F2F003782E6 /* FavouritePresenterDelegate.swift in Sources */ = {isa = PBXBuildFile; fileRef = BA3F1BBC228F4F2F003782E6 /* FavouritePresenterDelegate.swift */; };
		BAF8E77222883C700014EAF3 /* AppDelegate.swift in Sources */ = {isa = PBXBuildFile; fileRef = BAF8E77122883C700014EAF3 /* AppDelegate.swift */; };
		BAF8E77422883C700014EAF3 /* ViewController.swift in Sources */ = {isa = PBXBuildFile; fileRef = BAF8E77322883C700014EAF3 /* ViewController.swift */; };
		BAF8E77722883C700014EAF3 /* Main.storyboard in Resources */ = {isa = PBXBuildFile; fileRef = BAF8E77522883C700014EAF3 /* Main.storyboard */; };
		BAF8E77A22883C700014EAF3 /* MovieBucket.xcdatamodeld in Sources */ = {isa = PBXBuildFile; fileRef = BAF8E77822883C700014EAF3 /* MovieBucket.xcdatamodeld */; };
		BAF8E77C22883C720014EAF3 /* Assets.xcassets in Resources */ = {isa = PBXBuildFile; fileRef = BAF8E77B22883C720014EAF3 /* Assets.xcassets */; };
		BAF8E77F22883C720014EAF3 /* LaunchScreen.storyboard in Resources */ = {isa = PBXBuildFile; fileRef = BAF8E77D22883C720014EAF3 /* LaunchScreen.storyboard */; };
		BAF8E7882288492C0014EAF3 /* Movie.swift in Sources */ = {isa = PBXBuildFile; fileRef = BAF8E7872288492C0014EAF3 /* Movie.swift */; };
		DEAD064B228C4F840099A566 /* MovieDetailsViewController.swift in Sources */ = {isa = PBXBuildFile; fileRef = DEAD064A228C4F840099A566 /* MovieDetailsViewController.swift */; };
		DEB121F9228B03B200EB7F66 /* FavouriteViewController.swift in Sources */ = {isa = PBXBuildFile; fileRef = DEB121F8228B03B200EB7F66 /* FavouriteViewController.swift */; };
		DEB121FB228B0BCF00EB7F66 /* NetworkProtocol.swift in Sources */ = {isa = PBXBuildFile; fileRef = DEB121FA228B0BCF00EB7F66 /* NetworkProtocol.swift */; };
		DEB121FE228B1AB300EB7F66 /* HomePresenter.swift in Sources */ = {isa = PBXBuildFile; fileRef = DEB121FD228B1AB300EB7F66 /* HomePresenter.swift */; };
		DEB12202228B1C3F00EB7F66 /* HomeDelegate.swift in Sources */ = {isa = PBXBuildFile; fileRef = DEB12201228B1C3F00EB7F66 /* HomeDelegate.swift */; };
		DEB12204228B3F0D00EB7F66 /* ViewControllerDelegete.swift in Sources */ = {isa = PBXBuildFile; fileRef = DEB12203228B3F0D00EB7F66 /* ViewControllerDelegete.swift */; };
		DEB12206228B429C00EB7F66 /* ImageCollectionViewCell.swift in Sources */ = {isa = PBXBuildFile; fileRef = DEB12205228B429C00EB7F66 /* ImageCollectionViewCell.swift */; };
		DEC26CE322985839004276F4 /* iconfinder_home_blue_68743.png in Resources */ = {isa = PBXBuildFile; fileRef = DEC26CE222985838004276F4 /* iconfinder_home_blue_68743.png */; };
		DEC26CE7229861E3004276F4 /* home-32.png in Resources */ = {isa = PBXBuildFile; fileRef = DEC26CE6229861E3004276F4 /* home-32.png */; };
		DEC26CEC22987883004276F4 /* heart_Fill.png in Resources */ = {isa = PBXBuildFile; fileRef = DEC26CEB22987883004276F4 /* heart_Fill.png */; };
/* End PBXBuildFile section */

/* Begin PBXFileReference section */
		3AA07C40228F85DE0074A7B5 /* Color.swift */ = {isa = PBXFileReference; lastKnownFileType = sourcecode.swift; path = Color.swift; sourceTree = "<group>"; };
		3ABBE47B2294A7AD003C99D7 /* UIView+Extension.swift */ = {isa = PBXFileReference; lastKnownFileType = sourcecode.swift; path = "UIView+Extension.swift"; sourceTree = "<group>"; };
		3ABBE47E2294AF12003C99D7 /* SplashScreenViewController.swift */ = {isa = PBXFileReference; lastKnownFileType = sourcecode.swift; path = SplashScreenViewController.swift; sourceTree = "<group>"; };
		4A2950EE229189FA00D16424 /* Video.swift */ = {isa = PBXFileReference; lastKnownFileType = sourcecode.swift; path = Video.swift; sourceTree = "<group>"; };
		4A2950F0229192AE00D16424 /* icons8-play-button-100.png */ = {isa = PBXFileReference; lastKnownFileType = image.png; path = "icons8-play-button-100.png"; sourceTree = "<group>"; };
		4A2950F22291B16300D16424 /* ReviewTableViewCell.swift */ = {isa = PBXFileReference; lastKnownFileType = sourcecode.swift; path = ReviewTableViewCell.swift; sourceTree = "<group>"; };
		4A2950F42291B28B00D16424 /* Review.swift */ = {isa = PBXFileReference; lastKnownFileType = sourcecode.swift; path = Review.swift; sourceTree = "<group>"; };
		4A2950F62291D33900D16424 /* FavouriteVCDelegate.swift */ = {isa = PBXFileReference; lastKnownFileType = sourcecode.swift; path = FavouriteVCDelegate.swift; sourceTree = "<group>"; };
		4A2950FA2291D76700D16424 /* FavouriteCollectionViewCell.swift */ = {isa = PBXFileReference; lastKnownFileType = sourcecode.swift; path = FavouriteCollectionViewCell.swift; sourceTree = "<group>"; };
		4A368C2A229854EF00CA912F /* poster-placeholder.jpg */ = {isa = PBXFileReference; lastKnownFileType = image.jpeg; path = "poster-placeholder.jpg"; sourceTree = "<group>"; };
		4A4D8CDB228C891C006D1A6E /* tangled.jpg */ = {isa = PBXFileReference; lastKnownFileType = image.jpeg; path = tangled.jpg; sourceTree = "<group>"; };
		4AB2BB852295CDF6008CFA9E /* popcorn.png */ = {isa = PBXFileReference; lastKnownFileType = image.png; path = popcorn.png; sourceTree = "<group>"; };
		4AB2BB872295CF38008CFA9E /* singlePopcorn.jpeg */ = {isa = PBXFileReference; lastKnownFileType = image.jpeg; path = singlePopcorn.jpeg; sourceTree = "<group>"; };
		4AD7EECD2289E6AB00B36B04 /* NetworkConnection.swift */ = {isa = PBXFileReference; lastKnownFileType = sourcecode.swift; path = NetworkConnection.swift; sourceTree = "<group>"; };
		4AE99D9F228DC1EA00FAA3D1 /* MovieDetailsPresenter.swift */ = {isa = PBXFileReference; lastKnownFileType = sourcecode.swift; path = MovieDetailsPresenter.swift; sourceTree = "<group>"; };
		4AE99DA1228DC20400FAA3D1 /* MovieDetailsDelegate.swift */ = {isa = PBXFileReference; lastKnownFileType = sourcecode.swift; path = MovieDetailsDelegate.swift; sourceTree = "<group>"; };
		4AE99DA3228DC27800FAA3D1 /* MovieDetailsViewControllerDelegate.swift */ = {isa = PBXFileReference; lastKnownFileType = sourcecode.swift; path = MovieDetailsViewControllerDelegate.swift; sourceTree = "<group>"; };
		4AE99DA5228DC7C200FAA3D1 /* TrailerTableViewCell.swift */ = {isa = PBXFileReference; lastKnownFileType = sourcecode.swift; path = TrailerTableViewCell.swift; sourceTree = "<group>"; };
		606DA53958A088C0A0E2AE00 /* Pods_MovieBucket.framework */ = {isa = PBXFileReference; explicitFileType = wrapper.framework; includeInIndex = 0; path = Pods_MovieBucket.framework; sourceTree = BUILT_PRODUCTS_DIR; };
		BA3F1BBA228F4F07003782E6 /* FavouritePresenter.swift */ = {isa = PBXFileReference; lastKnownFileType = sourcecode.swift; path = FavouritePresenter.swift; sourceTree = "<group>"; };
		BA3F1BBC228F4F2F003782E6 /* FavouritePresenterDelegate.swift */ = {isa = PBXFileReference; lastKnownFileType = sourcecode.swift; path = FavouritePresenterDelegate.swift; sourceTree = "<group>"; };
		BAF8E76E22883C6F0014EAF3 /* MovieBucket.app */ = {isa = PBXFileReference; explicitFileType = wrapper.application; includeInIndex = 0; path = MovieBucket.app; sourceTree = BUILT_PRODUCTS_DIR; };
		BAF8E77122883C700014EAF3 /* AppDelegate.swift */ = {isa = PBXFileReference; lastKnownFileType = sourcecode.swift; path = AppDelegate.swift; sourceTree = "<group>"; };
		BAF8E77322883C700014EAF3 /* ViewController.swift */ = {isa = PBXFileReference; lastKnownFileType = sourcecode.swift; path = ViewController.swift; sourceTree = "<group>"; };
		BAF8E77622883C700014EAF3 /* Base */ = {isa = PBXFileReference; lastKnownFileType = file.storyboard; name = Base; path = Base.lproj/Main.storyboard; sourceTree = "<group>"; };
		BAF8E77922883C700014EAF3 /* MovieBucket.xcdatamodel */ = {isa = PBXFileReference; lastKnownFileType = wrapper.xcdatamodel; path = MovieBucket.xcdatamodel; sourceTree = "<group>"; };
		BAF8E77B22883C720014EAF3 /* Assets.xcassets */ = {isa = PBXFileReference; lastKnownFileType = folder.assetcatalog; path = Assets.xcassets; sourceTree = "<group>"; };
		BAF8E77E22883C720014EAF3 /* Base */ = {isa = PBXFileReference; lastKnownFileType = file.storyboard; name = Base; path = Base.lproj/LaunchScreen.storyboard; sourceTree = "<group>"; };
		BAF8E78022883C720014EAF3 /* Info.plist */ = {isa = PBXFileReference; lastKnownFileType = text.plist.xml; path = Info.plist; sourceTree = "<group>"; };
		BAF8E7872288492C0014EAF3 /* Movie.swift */ = {isa = PBXFileReference; lastKnownFileType = sourcecode.swift; path = Movie.swift; sourceTree = "<group>"; };
		CFB48CA29643B898544DA8B9 /* Pods-MovieBucket.debug.xcconfig */ = {isa = PBXFileReference; includeInIndex = 1; lastKnownFileType = text.xcconfig; name = "Pods-MovieBucket.debug.xcconfig"; path = "Target Support Files/Pods-MovieBucket/Pods-MovieBucket.debug.xcconfig"; sourceTree = "<group>"; };
		DB2666ECA80E456B60EE91E6 /* Pods-MovieBucket.release.xcconfig */ = {isa = PBXFileReference; includeInIndex = 1; lastKnownFileType = text.xcconfig; name = "Pods-MovieBucket.release.xcconfig"; path = "Target Support Files/Pods-MovieBucket/Pods-MovieBucket.release.xcconfig"; sourceTree = "<group>"; };
		DEAD064A228C4F840099A566 /* MovieDetailsViewController.swift */ = {isa = PBXFileReference; lastKnownFileType = sourcecode.swift; path = MovieDetailsViewController.swift; sourceTree = "<group>"; };
		DEB121F8228B03B200EB7F66 /* FavouriteViewController.swift */ = {isa = PBXFileReference; lastKnownFileType = sourcecode.swift; path = FavouriteViewController.swift; sourceTree = "<group>"; };
		DEB121FA228B0BCF00EB7F66 /* NetworkProtocol.swift */ = {isa = PBXFileReference; lastKnownFileType = sourcecode.swift; path = NetworkProtocol.swift; sourceTree = "<group>"; };
		DEB121FD228B1AB300EB7F66 /* HomePresenter.swift */ = {isa = PBXFileReference; lastKnownFileType = sourcecode.swift; path = HomePresenter.swift; sourceTree = "<group>"; };
		DEB12201228B1C3F00EB7F66 /* HomeDelegate.swift */ = {isa = PBXFileReference; lastKnownFileType = sourcecode.swift; path = HomeDelegate.swift; sourceTree = "<group>"; };
		DEB12203228B3F0D00EB7F66 /* ViewControllerDelegete.swift */ = {isa = PBXFileReference; lastKnownFileType = sourcecode.swift; path = ViewControllerDelegete.swift; sourceTree = "<group>"; };
		DEB12205228B429C00EB7F66 /* ImageCollectionViewCell.swift */ = {isa = PBXFileReference; lastKnownFileType = sourcecode.swift; path = ImageCollectionViewCell.swift; sourceTree = "<group>"; };
		DEC26CE222985838004276F4 /* iconfinder_home_blue_68743.png */ = {isa = PBXFileReference; lastKnownFileType = image.png; name = iconfinder_home_blue_68743.png; path = ../../../Downloads/iconfinder_home_blue_68743.png; sourceTree = "<group>"; };
		DEC26CE6229861E3004276F4 /* home-32.png */ = {isa = PBXFileReference; lastKnownFileType = image.png; path = "home-32.png"; sourceTree = "<group>"; };
		DEC26CEA2298781C004276F4 /* heart_notFill.png */ = {isa = PBXFileReference; lastKnownFileType = image.png; name = heart_notFill.png; path = "/Users/jetsmobilelab-3/Desktop/IOS_MovieProject/MovieBucketApp/heart_notFill.png"; sourceTree = "<absolute>"; };
		DEC26CEB22987883004276F4 /* heart_Fill.png */ = {isa = PBXFileReference; lastKnownFileType = image.png; name = heart_Fill.png; path = "../../../Downloads/Heart Filled-50-32px-2/heart_Fill.png"; sourceTree = "<group>"; };
/* End PBXFileReference section */

/* Begin PBXFrameworksBuildPhase section */
		BAF8E76B22883C6E0014EAF3 /* Frameworks */ = {
			isa = PBXFrameworksBuildPhase;
			buildActionMask = 2147483647;
			files = (
				8BE34FA2F45F6EF8D910F596 /* Pods_MovieBucket.framework in Frameworks */,
			);
			runOnlyForDeploymentPostprocessing = 0;
		};
/* End PBXFrameworksBuildPhase section */

/* Begin PBXGroup section */
		005A28D9FA3B3FBEF2E12644 /* Pods */ = {
			isa = PBXGroup;
			children = (
				CFB48CA29643B898544DA8B9 /* Pods-MovieBucket.debug.xcconfig */,
				DB2666ECA80E456B60EE91E6 /* Pods-MovieBucket.release.xcconfig */,
			);
			path = Pods;
			sourceTree = "<group>";
		};
		3ABBE47A2294A71D003C99D7 /* view */ = {
			isa = PBXGroup;
			children = (
				BAF8E77522883C700014EAF3 /* Main.storyboard */,
				3AA07C40228F85DE0074A7B5 /* Color.swift */,
				3ABBE47B2294A7AD003C99D7 /* UIView+Extension.swift */,
			);
			path = view;
			sourceTree = "<group>";
		};
		3ABBE47D2294AD8B003C99D7 /* splashScreen */ = {
			isa = PBXGroup;
			children = (
				3ABBE47E2294AF12003C99D7 /* SplashScreenViewController.swift */,
			);
			path = splashScreen;
			sourceTree = "<group>";
		};
		4AD7EECC2289BE7A00B36B04 /* Networking */ = {
			isa = PBXGroup;
			children = (
				4AD7EECD2289E6AB00B36B04 /* NetworkConnection.swift */,
				DEB121FA228B0BCF00EB7F66 /* NetworkProtocol.swift */,
			);
			path = Networking;
			sourceTree = "<group>";
		};
		4AE99D9C228DC1AB00FAA3D1 /* protocols */ = {
			isa = PBXGroup;
			children = (
				4AE99DA1228DC20400FAA3D1 /* MovieDetailsDelegate.swift */,
				4AE99DA3228DC27800FAA3D1 /* MovieDetailsViewControllerDelegate.swift */,
			);
			path = protocols;
			sourceTree = "<group>";
		};
		4AE99D9D228DC1C900FAA3D1 /* view */ = {
			isa = PBXGroup;
			children = (
				DEAD064A228C4F840099A566 /* MovieDetailsViewController.swift */,
				4AE99DA5228DC7C200FAA3D1 /* TrailerTableViewCell.swift */,
				4A2950F22291B16300D16424 /* ReviewTableViewCell.swift */,
			);
			path = view;
			sourceTree = "<group>";
		};
		4AE99D9E228DC1D000FAA3D1 /* presenter */ = {
			isa = PBXGroup;
			children = (
				4AE99D9F228DC1EA00FAA3D1 /* MovieDetailsPresenter.swift */,
			);
			path = presenter;
			sourceTree = "<group>";
		};
		964057D15E3EF3B824B4988D /* Frameworks */ = {
			isa = PBXGroup;
			children = (
				606DA53958A088C0A0E2AE00 /* Pods_MovieBucket.framework */,
			);
			name = Frameworks;
			sourceTree = "<group>";
		};
		BA3F1BB6228F4E64003782E6 /* protocols */ = {
			isa = PBXGroup;
			children = (
				BA3F1BBC228F4F2F003782E6 /* FavouritePresenterDelegate.swift */,
				4A2950F62291D33900D16424 /* FavouriteVCDelegate.swift */,
			);
			path = protocols;
			sourceTree = "<group>";
		};
		BA3F1BB7228F4E71003782E6 /* view */ = {
			isa = PBXGroup;
			children = (
				DEB121F8228B03B200EB7F66 /* FavouriteViewController.swift */,
				4A2950FA2291D76700D16424 /* FavouriteCollectionViewCell.swift */,
			);
			path = view;
			sourceTree = "<group>";
		};
		BA3F1BB9228F4E8A003782E6 /* presenter */ = {
			isa = PBXGroup;
			children = (
				BA3F1BBA228F4F07003782E6 /* FavouritePresenter.swift */,
			);
			path = presenter;
			sourceTree = "<group>";
		};
		BAF8E76522883C6E0014EAF3 = {
			isa = PBXGroup;
			children = (
				DEC26CEA2298781C004276F4 /* heart_notFill.png */,
				DEC26CEB22987883004276F4 /* heart_Fill.png */,
				DEC26CE6229861E3004276F4 /* home-32.png */,
				DEC26CE222985838004276F4 /* iconfinder_home_blue_68743.png */,
				4A368C2A229854EF00CA912F /* poster-placeholder.jpg */,
				4AB2BB872295CF38008CFA9E /* singlePopcorn.jpeg */,
				4AB2BB852295CDF6008CFA9E /* popcorn.png */,
				4A2950F0229192AE00D16424 /* icons8-play-button-100.png */,
				4A4D8CDB228C891C006D1A6E /* tangled.jpg */,
				BAF8E77022883C6F0014EAF3 /* MovieBucket */,
				BAF8E76F22883C6F0014EAF3 /* Products */,
				005A28D9FA3B3FBEF2E12644 /* Pods */,
				964057D15E3EF3B824B4988D /* Frameworks */,
			);
			sourceTree = "<group>";
		};
		BAF8E76F22883C6F0014EAF3 /* Products */ = {
			isa = PBXGroup;
			children = (
				BAF8E76E22883C6F0014EAF3 /* MovieBucket.app */,
			);
			name = Products;
			sourceTree = "<group>";
		};
		BAF8E77022883C6F0014EAF3 /* MovieBucket */ = {
			isa = PBXGroup;
			children = (
				BAF8E78A22884C190014EAF3 /* Services */,
				BAF8E78922884C0B0014EAF3 /* Screens */,
				BAF8E786228848060014EAF3 /* Model */,
				BAF8E77122883C700014EAF3 /* AppDelegate.swift */,
				BAF8E77B22883C720014EAF3 /* Assets.xcassets */,
				BAF8E77D22883C720014EAF3 /* LaunchScreen.storyboard */,
				BAF8E78022883C720014EAF3 /* Info.plist */,
				BAF8E77822883C700014EAF3 /* MovieBucket.xcdatamodeld */,
			);
			path = MovieBucket;
			sourceTree = "<group>";
		};
		BAF8E786228848060014EAF3 /* Model */ = {
			isa = PBXGroup;
			children = (
				BAF8E7872288492C0014EAF3 /* Movie.swift */,
				4A2950EE229189FA00D16424 /* Video.swift */,
				4A2950F42291B28B00D16424 /* Review.swift */,
			);
			path = Model;
			sourceTree = "<group>";
		};
		BAF8E78922884C0B0014EAF3 /* Screens */ = {
			isa = PBXGroup;
			children = (
				3ABBE47D2294AD8B003C99D7 /* splashScreen */,
				3ABBE47A2294A71D003C99D7 /* view */,
				DEACA861228AB10900632BD4 /* movieDetails */,
				DEACA863228AB19000632BD4 /* favourites */,
				DEACA862228AB12400632BD4 /* home */,
			);
			path = Screens;
			sourceTree = "<group>";
		};
		BAF8E78A22884C190014EAF3 /* Services */ = {
			isa = PBXGroup;
			children = (
				4AD7EECC2289BE7A00B36B04 /* Networking */,
			);
			path = Services;
			sourceTree = "<group>";
		};
		DEACA861228AB10900632BD4 /* movieDetails */ = {
			isa = PBXGroup;
			children = (
				4AE99D9E228DC1D000FAA3D1 /* presenter */,
				4AE99D9D228DC1C900FAA3D1 /* view */,
				4AE99D9C228DC1AB00FAA3D1 /* protocols */,
			);
			path = movieDetails;
			sourceTree = "<group>";
		};
		DEACA862228AB12400632BD4 /* home */ = {
			isa = PBXGroup;
			children = (
				DEB12200228B1C1900EB7F66 /* protocols */,
				DEB121FF228B1BA600EB7F66 /* view */,
				DEB121FC228B1A4F00EB7F66 /* presenter */,
			);
			path = home;
			sourceTree = "<group>";
		};
		DEACA863228AB19000632BD4 /* favourites */ = {
			isa = PBXGroup;
			children = (
				BA3F1BB9228F4E8A003782E6 /* presenter */,
				BA3F1BB7228F4E71003782E6 /* view */,
				BA3F1BB6228F4E64003782E6 /* protocols */,
			);
			path = favourites;
			sourceTree = "<group>";
		};
		DEB121FC228B1A4F00EB7F66 /* presenter */ = {
			isa = PBXGroup;
			children = (
				DEB121FD228B1AB300EB7F66 /* HomePresenter.swift */,
			);
			path = presenter;
			sourceTree = "<group>";
		};
		DEB121FF228B1BA600EB7F66 /* view */ = {
			isa = PBXGroup;
			children = (
				DEB12205228B429C00EB7F66 /* ImageCollectionViewCell.swift */,
				BAF8E77322883C700014EAF3 /* ViewController.swift */,
			);
			path = view;
			sourceTree = "<group>";
		};
		DEB12200228B1C1900EB7F66 /* protocols */ = {
			isa = PBXGroup;
			children = (
				DEB12201228B1C3F00EB7F66 /* HomeDelegate.swift */,
				DEB12203228B3F0D00EB7F66 /* ViewControllerDelegete.swift */,
			);
			path = protocols;
			sourceTree = "<group>";
		};
/* End PBXGroup section */

/* Begin PBXNativeTarget section */
		BAF8E76D22883C6E0014EAF3 /* MovieBucket */ = {
			isa = PBXNativeTarget;
			buildConfigurationList = BAF8E78322883C720014EAF3 /* Build configuration list for PBXNativeTarget "MovieBucket" */;
			buildPhases = (
				4FCE008BA3C4C9D6DFE11A19 /* [CP] Check Pods Manifest.lock */,
				BAF8E76A22883C6E0014EAF3 /* Sources */,
				BAF8E76B22883C6E0014EAF3 /* Frameworks */,
				BAF8E76C22883C6E0014EAF3 /* Resources */,
				47359671F258CD5D973A0075 /* [CP] Embed Pods Frameworks */,
			);
			buildRules = (
			);
			dependencies = (
			);
			name = MovieBucket;
			productName = MovieBucket;
			productReference = BAF8E76E22883C6F0014EAF3 /* MovieBucket.app */;
			productType = "com.apple.product-type.application";
		};
/* End PBXNativeTarget section */

/* Begin PBXProject section */
		BAF8E76622883C6E0014EAF3 /* Project object */ = {
			isa = PBXProject;
			attributes = {
				LastSwiftUpdateCheck = 0930;
				LastUpgradeCheck = 0930;
				ORGANIZATIONNAME = Salma;
				TargetAttributes = {
					BAF8E76D22883C6E0014EAF3 = {
						CreatedOnToolsVersion = 9.3;
					};
				};
			};
			buildConfigurationList = BAF8E76922883C6E0014EAF3 /* Build configuration list for PBXProject "MovieBucket" */;
			compatibilityVersion = "Xcode 9.3";
			developmentRegion = en;
			hasScannedForEncodings = 0;
			knownRegions = (
				en,
				Base,
			);
			mainGroup = BAF8E76522883C6E0014EAF3;
			productRefGroup = BAF8E76F22883C6F0014EAF3 /* Products */;
			projectDirPath = "";
			projectRoot = "";
			targets = (
				BAF8E76D22883C6E0014EAF3 /* MovieBucket */,
			);
		};
/* End PBXProject section */

/* Begin PBXResourcesBuildPhase section */
		BAF8E76C22883C6E0014EAF3 /* Resources */ = {
			isa = PBXResourcesBuildPhase;
			buildActionMask = 2147483647;
			files = (
				DEC26CEC22987883004276F4 /* heart_Fill.png in Resources */,
				BAF8E77F22883C720014EAF3 /* LaunchScreen.storyboard in Resources */,
				4A4D8CDC228C891D006D1A6E /* tangled.jpg in Resources */,
				4A2950F1229192AF00D16424 /* icons8-play-button-100.png in Resources */,
				BAF8E77C22883C720014EAF3 /* Assets.xcassets in Resources */,
				BAF8E77722883C700014EAF3 /* Main.storyboard in Resources */,
				DEC26CE7229861E3004276F4 /* home-32.png in Resources */,
				DEC26CE322985839004276F4 /* iconfinder_home_blue_68743.png in Resources */,
				4AB2BB882295CF38008CFA9E /* singlePopcorn.jpeg in Resources */,
				4A368C2B229854EF00CA912F /* poster-placeholder.jpg in Resources */,
				4AB2BB862295CDF6008CFA9E /* popcorn.png in Resources */,
			);
			runOnlyForDeploymentPostprocessing = 0;
		};
/* End PBXResourcesBuildPhase section */

/* Begin PBXShellScriptBuildPhase section */
		47359671F258CD5D973A0075 /* [CP] Embed Pods Frameworks */ = {
			isa = PBXShellScriptBuildPhase;
			buildActionMask = 2147483647;
			files = (
			);
			inputPaths = (
				"${PODS_ROOT}/Target Support Files/Pods-MovieBucket/Pods-MovieBucket-frameworks.sh",
				"${BUILT_PRODUCTS_DIR}/Alamofire/Alamofire.framework",
				"${BUILT_PRODUCTS_DIR}/AlamofireImage/AlamofireImage.framework",
				"${BUILT_PRODUCTS_DIR}/SDWebImage/SDWebImage.framework",
			);
			name = "[CP] Embed Pods Frameworks";
			outputPaths = (
				"${TARGET_BUILD_DIR}/${FRAMEWORKS_FOLDER_PATH}/Alamofire.framework",
				"${TARGET_BUILD_DIR}/${FRAMEWORKS_FOLDER_PATH}/AlamofireImage.framework",
				"${TARGET_BUILD_DIR}/${FRAMEWORKS_FOLDER_PATH}/SDWebImage.framework",
			);
			runOnlyForDeploymentPostprocessing = 0;
			shellPath = /bin/sh;
			shellScript = "\"${PODS_ROOT}/Target Support Files/Pods-MovieBucket/Pods-MovieBucket-frameworks.sh\"\n";
			showEnvVarsInLog = 0;
		};
		4FCE008BA3C4C9D6DFE11A19 /* [CP] Check Pods Manifest.lock */ = {
			isa = PBXShellScriptBuildPhase;
			buildActionMask = 2147483647;
			files = (
			);
			inputPaths = (
				"${PODS_PODFILE_DIR_PATH}/Podfile.lock",
				"${PODS_ROOT}/Manifest.lock",
			);
			name = "[CP] Check Pods Manifest.lock";
			outputPaths = (
				"$(DERIVED_FILE_DIR)/Pods-MovieBucket-checkManifestLockResult.txt",
			);
			runOnlyForDeploymentPostprocessing = 0;
			shellPath = /bin/sh;
			shellScript = "diff \"${PODS_PODFILE_DIR_PATH}/Podfile.lock\" \"${PODS_ROOT}/Manifest.lock\" > /dev/null\nif [ $? != 0 ] ; then\n    # print error to STDERR\n    echo \"error: The sandbox is not in sync with the Podfile.lock. Run 'pod install' or update your CocoaPods installation.\" >&2\n    exit 1\nfi\n# This output is used by Xcode 'outputs' to avoid re-running this script phase.\necho \"SUCCESS\" > \"${SCRIPT_OUTPUT_FILE_0}\"\n";
			showEnvVarsInLog = 0;
		};
/* End PBXShellScriptBuildPhase section */

/* Begin PBXSourcesBuildPhase section */
		BAF8E76A22883C6E0014EAF3 /* Sources */ = {
			isa = PBXSourcesBuildPhase;
			buildActionMask = 2147483647;
			files = (
				BAF8E77422883C700014EAF3 /* ViewController.swift in Sources */,
				DEB12206228B429C00EB7F66 /* ImageCollectionViewCell.swift in Sources */,
				BAF8E77A22883C700014EAF3 /* MovieBucket.xcdatamodeld in Sources */,
				4AD7EECE2289E6AB00B36B04 /* NetworkConnection.swift in Sources */,
				4A2950F72291D33900D16424 /* FavouriteVCDelegate.swift in Sources */,
				4AE99DA2228DC20400FAA3D1 /* MovieDetailsDelegate.swift in Sources */,
				DEB121FB228B0BCF00EB7F66 /* NetworkProtocol.swift in Sources */,
				BAF8E7882288492C0014EAF3 /* Movie.swift in Sources */,
				4AE99DA0228DC1EA00FAA3D1 /* MovieDetailsPresenter.swift in Sources */,
				DEB12202228B1C3F00EB7F66 /* HomeDelegate.swift in Sources */,
				4A2950EF229189FA00D16424 /* Video.swift in Sources */,
				DEB121F9228B03B200EB7F66 /* FavouriteViewController.swift in Sources */,
				DEAD064B228C4F840099A566 /* MovieDetailsViewController.swift in Sources */,
				3AA07C41228F85DE0074A7B5 /* Color.swift in Sources */,
				4AE99DA6228DC7C200FAA3D1 /* TrailerTableViewCell.swift in Sources */,
				DEB12204228B3F0D00EB7F66 /* ViewControllerDelegete.swift in Sources */,
				3ABBE47F2294AF12003C99D7 /* SplashScreenViewController.swift in Sources */,
				4A2950FB2291D76700D16424 /* FavouriteCollectionViewCell.swift in Sources */,
				BA3F1BBB228F4F07003782E6 /* FavouritePresenter.swift in Sources */,
				BA3F1BBD228F4F2F003782E6 /* FavouritePresenterDelegate.swift in Sources */,
				4A2950F52291B28B00D16424 /* Review.swift in Sources */,
				BAF8E77222883C700014EAF3 /* AppDelegate.swift in Sources */,
				DEB121FE228B1AB300EB7F66 /* HomePresenter.swift in Sources */,
				4A2950F32291B16300D16424 /* ReviewTableViewCell.swift in Sources */,
				3ABBE47C2294A7AD003C99D7 /* UIView+Extension.swift in Sources */,
				4AE99DA4228DC27800FAA3D1 /* MovieDetailsViewControllerDelegate.swift in Sources */,
			);
			runOnlyForDeploymentPostprocessing = 0;
		};
/* End PBXSourcesBuildPhase section */

/* Begin PBXVariantGroup section */
		BAF8E77522883C700014EAF3 /* Main.storyboard */ = {
			isa = PBXVariantGroup;
			children = (
				BAF8E77622883C700014EAF3 /* Base */,
			);
			name = Main.storyboard;
			sourceTree = "<group>";
		};
		BAF8E77D22883C720014EAF3 /* LaunchScreen.storyboard */ = {
			isa = PBXVariantGroup;
			children = (
				BAF8E77E22883C720014EAF3 /* Base */,
			);
			name = LaunchScreen.storyboard;
			sourceTree = "<group>";
		};
/* End PBXVariantGroup section */

/* Begin XCBuildConfiguration section */
		BAF8E78122883C720014EAF3 /* Debug */ = {
			isa = XCBuildConfiguration;
			buildSettings = {
				ALWAYS_SEARCH_USER_PATHS = NO;
				CLANG_ANALYZER_NONNULL = YES;
				CLANG_ANALYZER_NUMBER_OBJECT_CONVERSION = YES_AGGRESSIVE;
				CLANG_CXX_LANGUAGE_STANDARD = "gnu++14";
				CLANG_CXX_LIBRARY = "libc++";
				CLANG_ENABLE_MODULES = YES;
				CLANG_ENABLE_OBJC_ARC = YES;
				CLANG_ENABLE_OBJC_WEAK = YES;
				CLANG_WARN_BLOCK_CAPTURE_AUTORELEASING = YES;
				CLANG_WARN_BOOL_CONVERSION = YES;
				CLANG_WARN_COMMA = YES;
				CLANG_WARN_CONSTANT_CONVERSION = YES;
				CLANG_WARN_DEPRECATED_OBJC_IMPLEMENTATIONS = YES;
				CLANG_WARN_DIRECT_OBJC_ISA_USAGE = YES_ERROR;
				CLANG_WARN_DOCUMENTATION_COMMENTS = YES;
				CLANG_WARN_EMPTY_BODY = YES;
				CLANG_WARN_ENUM_CONVERSION = YES;
				CLANG_WARN_INFINITE_RECURSION = YES;
				CLANG_WARN_INT_CONVERSION = YES;
				CLANG_WARN_NON_LITERAL_NULL_CONVERSION = YES;
				CLANG_WARN_OBJC_IMPLICIT_RETAIN_SELF = YES;
				CLANG_WARN_OBJC_LITERAL_CONVERSION = YES;
				CLANG_WARN_OBJC_ROOT_CLASS = YES_ERROR;
				CLANG_WARN_RANGE_LOOP_ANALYSIS = YES;
				CLANG_WARN_STRICT_PROTOTYPES = YES;
				CLANG_WARN_SUSPICIOUS_MOVE = YES;
				CLANG_WARN_UNGUARDED_AVAILABILITY = YES_AGGRESSIVE;
				CLANG_WARN_UNREACHABLE_CODE = YES;
				CLANG_WARN__DUPLICATE_METHOD_MATCH = YES;
				CODE_SIGN_IDENTITY = "iPhone Developer";
				COPY_PHASE_STRIP = NO;
				DEBUG_INFORMATION_FORMAT = dwarf;
				ENABLE_STRICT_OBJC_MSGSEND = YES;
				ENABLE_TESTABILITY = YES;
				GCC_C_LANGUAGE_STANDARD = gnu11;
				GCC_DYNAMIC_NO_PIC = NO;
				GCC_NO_COMMON_BLOCKS = YES;
				GCC_OPTIMIZATION_LEVEL = 0;
				GCC_PREPROCESSOR_DEFINITIONS = (
					"DEBUG=1",
					"$(inherited)",
				);
				GCC_WARN_64_TO_32_BIT_CONVERSION = YES;
				GCC_WARN_ABOUT_RETURN_TYPE = YES_ERROR;
				GCC_WARN_UNDECLARED_SELECTOR = YES;
				GCC_WARN_UNINITIALIZED_AUTOS = YES_AGGRESSIVE;
				GCC_WARN_UNUSED_FUNCTION = YES;
				GCC_WARN_UNUSED_VARIABLE = YES;
				IPHONEOS_DEPLOYMENT_TARGET = 11.3;
				MTL_ENABLE_DEBUG_INFO = YES;
				ONLY_ACTIVE_ARCH = YES;
				SDKROOT = iphoneos;
				SWIFT_ACTIVE_COMPILATION_CONDITIONS = DEBUG;
				SWIFT_OPTIMIZATION_LEVEL = "-Onone";
			};
			name = Debug;
		};
		BAF8E78222883C720014EAF3 /* Release */ = {
			isa = XCBuildConfiguration;
			buildSettings = {
				ALWAYS_SEARCH_USER_PATHS = NO;
				CLANG_ANALYZER_NONNULL = YES;
				CLANG_ANALYZER_NUMBER_OBJECT_CONVERSION = YES_AGGRESSIVE;
				CLANG_CXX_LANGUAGE_STANDARD = "gnu++14";
				CLANG_CXX_LIBRARY = "libc++";
				CLANG_ENABLE_MODULES = YES;
				CLANG_ENABLE_OBJC_ARC = YES;
				CLANG_ENABLE_OBJC_WEAK = YES;
				CLANG_WARN_BLOCK_CAPTURE_AUTORELEASING = YES;
				CLANG_WARN_BOOL_CONVERSION = YES;
				CLANG_WARN_COMMA = YES;
				CLANG_WARN_CONSTANT_CONVERSION = YES;
				CLANG_WARN_DEPRECATED_OBJC_IMPLEMENTATIONS = YES;
				CLANG_WARN_DIRECT_OBJC_ISA_USAGE = YES_ERROR;
				CLANG_WARN_DOCUMENTATION_COMMENTS = YES;
				CLANG_WARN_EMPTY_BODY = YES;
				CLANG_WARN_ENUM_CONVERSION = YES;
				CLANG_WARN_INFINITE_RECURSION = YES;
				CLANG_WARN_INT_CONVERSION = YES;
				CLANG_WARN_NON_LITERAL_NULL_CONVERSION = YES;
				CLANG_WARN_OBJC_IMPLICIT_RETAIN_SELF = YES;
				CLANG_WARN_OBJC_LITERAL_CONVERSION = YES;
				CLANG_WARN_OBJC_ROOT_CLASS = YES_ERROR;
				CLANG_WARN_RANGE_LOOP_ANALYSIS = YES;
				CLANG_WARN_STRICT_PROTOTYPES = YES;
				CLANG_WARN_SUSPICIOUS_MOVE = YES;
				CLANG_WARN_UNGUARDED_AVAILABILITY = YES_AGGRESSIVE;
				CLANG_WARN_UNREACHABLE_CODE = YES;
				CLANG_WARN__DUPLICATE_METHOD_MATCH = YES;
				CODE_SIGN_IDENTITY = "iPhone Developer";
				COPY_PHASE_STRIP = NO;
				DEBUG_INFORMATION_FORMAT = "dwarf-with-dsym";
				ENABLE_NS_ASSERTIONS = NO;
				ENABLE_STRICT_OBJC_MSGSEND = YES;
				GCC_C_LANGUAGE_STANDARD = gnu11;
				GCC_NO_COMMON_BLOCKS = YES;
				GCC_WARN_64_TO_32_BIT_CONVERSION = YES;
				GCC_WARN_ABOUT_RETURN_TYPE = YES_ERROR;
				GCC_WARN_UNDECLARED_SELECTOR = YES;
				GCC_WARN_UNINITIALIZED_AUTOS = YES_AGGRESSIVE;
				GCC_WARN_UNUSED_FUNCTION = YES;
				GCC_WARN_UNUSED_VARIABLE = YES;
				IPHONEOS_DEPLOYMENT_TARGET = 11.3;
				MTL_ENABLE_DEBUG_INFO = NO;
				SDKROOT = iphoneos;
				SWIFT_COMPILATION_MODE = wholemodule;
				SWIFT_OPTIMIZATION_LEVEL = "-O";
				VALIDATE_PRODUCT = YES;
			};
			name = Release;
		};
		BAF8E78422883C720014EAF3 /* Debug */ = {
			isa = XCBuildConfiguration;
			baseConfigurationReference = CFB48CA29643B898544DA8B9 /* Pods-MovieBucket.debug.xcconfig */;
			buildSettings = {
				ASSETCATALOG_COMPILER_APPICON_NAME = AppIcon;
				CODE_SIGN_STYLE = Automatic;
				INFOPLIST_FILE = MovieBucket/Info.plist;
				LD_RUNPATH_SEARCH_PATHS = (
					"$(inherited)",
					"@executable_path/Frameworks",
				);
				PRODUCT_BUNDLE_IDENTIFIER = com.MovieBucket;
				PRODUCT_NAME = "$(TARGET_NAME)";
				SWIFT_VERSION = 4.0;
				TARGETED_DEVICE_FAMILY = "1,2";
			};
			name = Debug;
		};
		BAF8E78522883C720014EAF3 /* Release */ = {
			isa = XCBuildConfiguration;
			baseConfigurationReference = DB2666ECA80E456B60EE91E6 /* Pods-MovieBucket.release.xcconfig */;
			buildSettings = {
				ASSETCATALOG_COMPILER_APPICON_NAME = AppIcon;
				CODE_SIGN_STYLE = Automatic;
				INFOPLIST_FILE = MovieBucket/Info.plist;
				LD_RUNPATH_SEARCH_PATHS = (
					"$(inherited)",
					"@executable_path/Frameworks",
				);
				PRODUCT_BUNDLE_IDENTIFIER = com.MovieBucket;
				PRODUCT_NAME = "$(TARGET_NAME)";
				SWIFT_VERSION = 4.0;
				TARGETED_DEVICE_FAMILY = "1,2";
			};
			name = Release;
		};
/* End XCBuildConfiguration section */

/* Begin XCConfigurationList section */
		BAF8E76922883C6E0014EAF3 /* Build configuration list for PBXProject "MovieBucket" */ = {
			isa = XCConfigurationList;
			buildConfigurations = (
				BAF8E78122883C720014EAF3 /* Debug */,
				BAF8E78222883C720014EAF3 /* Release */,
			);
			defaultConfigurationIsVisible = 0;
			defaultConfigurationName = Release;
		};
		BAF8E78322883C720014EAF3 /* Build configuration list for PBXNativeTarget "MovieBucket" */ = {
			isa = XCConfigurationList;
			buildConfigurations = (
				BAF8E78422883C720014EAF3 /* Debug */,
				BAF8E78522883C720014EAF3 /* Release */,
			);
			defaultConfigurationIsVisible = 0;
			defaultConfigurationName = Release;
		};
/* End XCConfigurationList section */

/* Begin XCVersionGroup section */
		BAF8E77822883C700014EAF3 /* MovieBucket.xcdatamodeld */ = {
			isa = XCVersionGroup;
			children = (
				BAF8E77922883C700014EAF3 /* MovieBucket.xcdatamodel */,
			);
			currentVersion = BAF8E77922883C700014EAF3 /* MovieBucket.xcdatamodel */;
			path = MovieBucket.xcdatamodeld;
			sourceTree = "<group>";
			versionGroupType = wrapper.xcdatamodel;
		};
/* End XCVersionGroup section */
	};
	rootObject = BAF8E76622883C6E0014EAF3 /* Project object */;
}
